<?xml version="1.0" encoding="utf-8"?>
<Project ToolsVersion="4.0" xmlns="http://schemas.microsoft.com/developer/msbuild/2003">
  <ItemGroup>
    <Filter Include="Resource Files">
      <UniqueIdentifier>{67DA6AB6-F800-4c08-8B7A-83BB121AAD01}</UniqueIdentifier>
      <Extensions>rc;ico;cur;bmp;dlg;rc2;rct;bin;rgs;gif;jpg;jpeg;jpe;resx;tiff;tif;png;wav;mfcribbon-ms</Extensions>
    </Filter>
    <Filter Include="Collisions">
      <UniqueIdentifier>{962d6dda-2f41-4b5b-8333-2c90109c8837}</UniqueIdentifier>
    </Filter>
    <Filter Include="Utils">
      <UniqueIdentifier>{df40d492-f658-450b-95d1-b7402d08bec4}</UniqueIdentifier>
    </Filter>
    <Filter Include="Basics">
      <UniqueIdentifier>{c5d8e47c-5fab-4eaa-823a-96fd4983e45d}</UniqueIdentifier>
    </Filter>
    <Filter Include="Basics\Modules">
      <UniqueIdentifier>{33dbe5da-ee8d-470b-ac59-e532b8e88da0}</UniqueIdentifier>
    </Filter>
  </ItemGroup>
  <ItemGroup>
    <ClCompile Include="Source\Collisions.cpp">
      <Filter>Collisions</Filter>
    </ClCompile>
    <ClCompile Include="Source\Physics.cpp">
      <Filter>Collisions</Filter>
    </ClCompile>
    <ClCompile Include="Source\Log.cpp">
      <Filter>Utils</Filter>
    </ClCompile>
    <ClCompile Include="Source\Main.cpp">
      <Filter>Basics</Filter>
    </ClCompile>
    <ClCompile Include="Source\App.cpp">
      <Filter>Basics</Filter>
    </ClCompile>
    <ClCompile Include="Source\Input.cpp">
      <Filter>Basics\Modules</Filter>
    </ClCompile>
    <ClCompile Include="Source\Render.cpp">
      <Filter>Basics\Modules</Filter>
    </ClCompile>
    <ClCompile Include="Source\Window.cpp">
      <Filter>Basics\Modules</Filter>
    </ClCompile>
    <ClCompile Include="Source\Timer.cpp">
      <Filter>Utils</Filter>
    </ClCompile>
    <ClCompile Include="Source\PerfTimer.cpp">
      <Filter>Utils</Filter>
    </ClCompile>
    <ClCompile Include="Source\Scene.cpp">
      <Filter>Basics\Modules</Filter>
    </ClCompile>
    <ClCompile Include="Source\Textures.cpp">
      <Filter>Basics\Modules</Filter>
    </ClCompile>
  </ItemGroup>
  <ItemGroup>
    <ClInclude Include="Source\Collisions.h">
      <Filter>Collisions</Filter>
    </ClInclude>
    <ClInclude Include="Source\Physics.h">
      <Filter>Collisions</Filter>
    </ClInclude>
    <ClInclude Include="Source\Defs.h">
      <Filter>Utils</Filter>
    </ClInclude>
    <ClInclude Include="Source\Log.h">
      <Filter>Utils</Filter>
    </ClInclude>
    <ClInclude Include="Source\App.h">
      <Filter>Basics</Filter>
    </ClInclude>
    <ClInclude Include="Source\Input.h">
      <Filter>Basics\Modules</Filter>
    </ClInclude>
    <ClInclude Include="Source\Module.h">
      <Filter>Basics\Modules</Filter>
    </ClInclude>
    <ClInclude Include="Source\Render.h">
      <Filter>Basics\Modules</Filter>
    </ClInclude>
    <ClInclude Include="Source\Window.h">
      <Filter>Basics\Modules</Filter>
    </ClInclude>
    <ClInclude Include="Source\List.h">
      <Filter>Utils</Filter>
    </ClInclude>
    <ClInclude Include="Source\Timer.h">
      <Filter>Utils</Filter>
    </ClInclude>
    <ClInclude Include="Source\PerfTimer.h">
      <Filter>Utils</Filter>
    </ClInclude>
    <ClInclude Include="Source\Point.h">
      <Filter>Utils</Filter>
    </ClInclude>
    <ClInclude Include="Source\Scene.h">
      <Filter>Basics\Modules</Filter>
    </ClInclude>
    <ClInclude Include="Source\Textures.h">
      <Filter>Basics\Modules</Filter>
    </ClInclude>
  </ItemGroup>
</Project>